// !$*UTF8*$!
{
	archiveVersion = 1;
	classes = {
	};
	objectVersion = 51;
	objects = {

/* Begin PBXBuildFile section */
		18A2D05E2E5F7B2B4F271868 /* Pods_Weibo.framework in Frameworks */ = {isa = PBXBuildFile; fileRef = A989FFC71F91B5D4307A66E2 /* Pods_Weibo.framework */; };
		660166552455B00D0045779B /* LaunchScreen.storyboard in Resources */ = {isa = PBXBuildFile; fileRef = 660166542455B00D0045779B /* LaunchScreen.storyboard */; };
		660166612455BD7C0045779B /* MainViewController.swift in Sources */ = {isa = PBXBuildFile; fileRef = 660166602455BD7C0045779B /* MainViewController.swift */; };
		660166632455BDFB0045779B /* ProfileTableViewController.swift in Sources */ = {isa = PBXBuildFile; fileRef = 660166622455BDFB0045779B /* ProfileTableViewController.swift */; };
		660166652455BE1C0045779B /* MessageTableViewController.swift in Sources */ = {isa = PBXBuildFile; fileRef = 660166642455BE1C0045779B /* MessageTableViewController.swift */; };
		660166672455BE340045779B /* DiscoveryTableViewController.swift in Sources */ = {isa = PBXBuildFile; fileRef = 660166662455BE340045779B /* DiscoveryTableViewController.swift */; };
		660166692455BE450045779B /* HomeTableViewController.swift in Sources */ = {isa = PBXBuildFile; fileRef = 660166682455BE450045779B /* HomeTableViewController.swift */; };
		6813E036245EB5A800D19575 /* WelcomeViewController.swift in Sources */ = {isa = PBXBuildFile; fileRef = 6813E035245EB5A800D19575 /* WelcomeViewController.swift */; };
		6832C2A2245ED5B7004148F7 /* Common.swift in Sources */ = {isa = PBXBuildFile; fileRef = 6832C2A1245ED5B7004148F7 /* Common.swift */; };
		683B83792455179800C62578 /* AppDelegate.swift in Sources */ = {isa = PBXBuildFile; fileRef = 683B83782455179800C62578 /* AppDelegate.swift */; };
		683B837B2455179800C62578 /* SceneDelegate.swift in Sources */ = {isa = PBXBuildFile; fileRef = 683B837A2455179800C62578 /* SceneDelegate.swift */; };
		683B83822455179900C62578 /* Assets.xcassets in Resources */ = {isa = PBXBuildFile; fileRef = 683B83812455179900C62578 /* Assets.xcassets */; };
		683B839124565BFB00C62578 /* UIButton+Extension.swift in Sources */ = {isa = PBXBuildFile; fileRef = 683B839024565BFB00C62578 /* UIButton+Extension.swift */; };
		684F91912457ADA3001CA1B9 /* VisitorTableViewController.swift in Sources */ = {isa = PBXBuildFile; fileRef = 684F91902457ADA3001CA1B9 /* VisitorTableViewController.swift */; };
		684F91932457AE3D001CA1B9 /* VisitorView.swift in Sources */ = {isa = PBXBuildFile; fileRef = 684F91922457AE3D001CA1B9 /* VisitorView.swift */; };
		684F91952459B495001CA1B9 /* UIImageView+Extension.swift in Sources */ = {isa = PBXBuildFile; fileRef = 684F91942459B495001CA1B9 /* UIImageView+Extension.swift */; };
		684F91972459B6F6001CA1B9 /* UILabel+Extension.swift in Sources */ = {isa = PBXBuildFile; fileRef = 684F91962459B6F6001CA1B9 /* UILabel+Extension.swift */; };
		68860185245BC04500DB6D92 /* NetTools.swift in Sources */ = {isa = PBXBuildFile; fileRef = 68860184245BC04500DB6D92 /* NetTools.swift */; };
		68860188245BC11400DB6D92 /* OAuthViewController.swift in Sources */ = {isa = PBXBuildFile; fileRef = 68860187245BC11400DB6D92 /* OAuthViewController.swift */; };
		6886018A245D1AE200DB6D92 /* UserAccount.swift in Sources */ = {isa = PBXBuildFile; fileRef = 68860189245D1AE200DB6D92 /* UserAccount.swift */; };
		6886018C245D8E8500DB6D92 /* UserAccountViewModel.swift in Sources */ = {isa = PBXBuildFile; fileRef = 6886018B245D8E8500DB6D92 /* UserAccountViewModel.swift */; };
		6886018F245E85CF00DB6D92 /* NewFeatureViewController.swift in Sources */ = {isa = PBXBuildFile; fileRef = 6886018E245E85CF00DB6D92 /* NewFeatureViewController.swift */; };
/* End PBXBuildFile section */

/* Begin PBXFileReference section */
		1F2116439953325D6FBE3B67 /* Pods-Weibo.release.xcconfig */ = {isa = PBXFileReference; includeInIndex = 1; lastKnownFileType = text.xcconfig; name = "Pods-Weibo.release.xcconfig"; path = "Target Support Files/Pods-Weibo/Pods-Weibo.release.xcconfig"; sourceTree = "<group>"; };
		660166542455B00D0045779B /* LaunchScreen.storyboard */ = {isa = PBXFileReference; lastKnownFileType = file.storyboard; path = LaunchScreen.storyboard; sourceTree = "<group>"; };
		660166602455BD7C0045779B /* MainViewController.swift */ = {isa = PBXFileReference; lastKnownFileType = sourcecode.swift; path = MainViewController.swift; sourceTree = "<group>"; };
		660166622455BDFB0045779B /* ProfileTableViewController.swift */ = {isa = PBXFileReference; lastKnownFileType = sourcecode.swift; path = ProfileTableViewController.swift; sourceTree = "<group>"; };
		660166642455BE1C0045779B /* MessageTableViewController.swift */ = {isa = PBXFileReference; lastKnownFileType = sourcecode.swift; path = MessageTableViewController.swift; sourceTree = "<group>"; };
		660166662455BE340045779B /* DiscoveryTableViewController.swift */ = {isa = PBXFileReference; lastKnownFileType = sourcecode.swift; path = DiscoveryTableViewController.swift; sourceTree = "<group>"; };
		660166682455BE450045779B /* HomeTableViewController.swift */ = {isa = PBXFileReference; lastKnownFileType = sourcecode.swift; path = HomeTableViewController.swift; sourceTree = "<group>"; };
		6813E035245EB5A800D19575 /* WelcomeViewController.swift */ = {isa = PBXFileReference; lastKnownFileType = sourcecode.swift; path = WelcomeViewController.swift; sourceTree = "<group>"; };
		6832C2A1245ED5B7004148F7 /* Common.swift */ = {isa = PBXFileReference; lastKnownFileType = sourcecode.swift; path = Common.swift; sourceTree = "<group>"; };
		683B83752455179800C62578 /* Weibo.app */ = {isa = PBXFileReference; explicitFileType = wrapper.application; includeInIndex = 0; path = Weibo.app; sourceTree = BUILT_PRODUCTS_DIR; };
		683B83782455179800C62578 /* AppDelegate.swift */ = {isa = PBXFileReference; lastKnownFileType = sourcecode.swift; path = AppDelegate.swift; sourceTree = "<group>"; };
		683B837A2455179800C62578 /* SceneDelegate.swift */ = {isa = PBXFileReference; lastKnownFileType = sourcecode.swift; path = SceneDelegate.swift; sourceTree = "<group>"; };
		683B83812455179900C62578 /* Assets.xcassets */ = {isa = PBXFileReference; lastKnownFileType = folder.assetcatalog; path = Assets.xcassets; sourceTree = "<group>"; };
		683B83862455179900C62578 /* Info.plist */ = {isa = PBXFileReference; lastKnownFileType = text.plist.xml; path = Info.plist; sourceTree = "<group>"; };
		683B839024565BFB00C62578 /* UIButton+Extension.swift */ = {isa = PBXFileReference; lastKnownFileType = sourcecode.swift; path = "UIButton+Extension.swift"; sourceTree = "<group>"; };
		684F91902457ADA3001CA1B9 /* VisitorTableViewController.swift */ = {isa = PBXFileReference; lastKnownFileType = sourcecode.swift; path = VisitorTableViewController.swift; sourceTree = "<group>"; };
		684F91922457AE3D001CA1B9 /* VisitorView.swift */ = {isa = PBXFileReference; lastKnownFileType = sourcecode.swift; path = VisitorView.swift; sourceTree = "<group>"; };
		684F91942459B495001CA1B9 /* UIImageView+Extension.swift */ = {isa = PBXFileReference; lastKnownFileType = sourcecode.swift; path = "UIImageView+Extension.swift"; sourceTree = "<group>"; };
		684F91962459B6F6001CA1B9 /* UILabel+Extension.swift */ = {isa = PBXFileReference; lastKnownFileType = sourcecode.swift; path = "UILabel+Extension.swift"; sourceTree = "<group>"; };
		68860184245BC04500DB6D92 /* NetTools.swift */ = {isa = PBXFileReference; lastKnownFileType = sourcecode.swift; path = NetTools.swift; sourceTree = "<group>"; };
		68860187245BC11400DB6D92 /* OAuthViewController.swift */ = {isa = PBXFileReference; lastKnownFileType = sourcecode.swift; path = OAuthViewController.swift; sourceTree = "<group>"; };
		68860189245D1AE200DB6D92 /* UserAccount.swift */ = {isa = PBXFileReference; lastKnownFileType = sourcecode.swift; name = UserAccount.swift; path = Weibo/Classes/View/OAuth/UserAccount.swift; sourceTree = SOURCE_ROOT; };
		6886018B245D8E8500DB6D92 /* UserAccountViewModel.swift */ = {isa = PBXFileReference; lastKnownFileType = sourcecode.swift; name = UserAccountViewModel.swift; path = Weibo/Classes/View/OAuth/UserAccountViewModel.swift; sourceTree = SOURCE_ROOT; };
		6886018E245E85CF00DB6D92 /* NewFeatureViewController.swift */ = {isa = PBXFileReference; lastKnownFileType = sourcecode.swift; path = NewFeatureViewController.swift; sourceTree = "<group>"; };
		692326F807E5166FF013813B /* Pods-Weibo.debug.xcconfig */ = {isa = PBXFileReference; includeInIndex = 1; lastKnownFileType = text.xcconfig; name = "Pods-Weibo.debug.xcconfig"; path = "Target Support Files/Pods-Weibo/Pods-Weibo.debug.xcconfig"; sourceTree = "<group>"; };
		A989FFC71F91B5D4307A66E2 /* Pods_Weibo.framework */ = {isa = PBXFileReference; explicitFileType = wrapper.framework; includeInIndex = 0; path = Pods_Weibo.framework; sourceTree = BUILT_PRODUCTS_DIR; };
/* End PBXFileReference section */

/* Begin PBXFrameworksBuildPhase section */
		683B83722455179800C62578 /* Frameworks */ = {
			isa = PBXFrameworksBuildPhase;
			buildActionMask = 2147483647;
			files = (
				18A2D05E2E5F7B2B4F271868 /* Pods_Weibo.framework in Frameworks */,
			);
			runOnlyForDeploymentPostprocessing = 0;
		};
/* End PBXFrameworksBuildPhase section */

/* Begin PBXGroup section */
		660166562455BCB40045779B /* Classes */ = {
			isa = PBXGroup;
			children = (
				660166572455BCB40045779B /* ViewModel */,
				660166582455BCB40045779B /* Tools */,
				660166592455BCB40045779B /* Model */,
				6601665A2455BCB40045779B /* View */,
			);
			path = Classes;
			sourceTree = "<group>";
		};
		660166572455BCB40045779B /* ViewModel */ = {
			isa = PBXGroup;
			children = (
				6886018B245D8E8500DB6D92 /* UserAccountViewModel.swift */,
			);
			path = ViewModel;
			sourceTree = "<group>";
		};
		660166582455BCB40045779B /* Tools */ = {
			isa = PBXGroup;
			children = (
				683B838F24565BE600C62578 /* extension */,
				68860184245BC04500DB6D92 /* NetTools.swift */,
				6832C2A1245ED5B7004148F7 /* Common.swift */,
			);
			path = Tools;
			sourceTree = "<group>";
		};
		660166592455BCB40045779B /* Model */ = {
			isa = PBXGroup;
			children = (
				68860189245D1AE200DB6D92 /* UserAccount.swift */,
			);
			path = Model;
			sourceTree = "<group>";
		};
		6601665A2455BCB40045779B /* View */ = {
			isa = PBXGroup;
			children = (
				68860186245BC0F200DB6D92 /* OAuth */,
				6601665B2455BCB40045779B /* Home */,
				6601665C2455BCB40045779B /* Discovery */,
				6601665D2455BCB40045779B /* Message */,
				6601665E2455BCB40045779B /* Profile */,
				6601665F2455BCB40045779B /* Main */,
			);
			path = View;
			sourceTree = "<group>";
		};
		6601665B2455BCB40045779B /* Home */ = {
			isa = PBXGroup;
			children = (
				660166682455BE450045779B /* HomeTableViewController.swift */,
			);
			path = Home;
			sourceTree = "<group>";
		};
		6601665C2455BCB40045779B /* Discovery */ = {
			isa = PBXGroup;
			children = (
				660166662455BE340045779B /* DiscoveryTableViewController.swift */,
			);
			path = Discovery;
			sourceTree = "<group>";
		};
		6601665D2455BCB40045779B /* Message */ = {
			isa = PBXGroup;
			children = (
				660166642455BE1C0045779B /* MessageTableViewController.swift */,
			);
			path = Message;
			sourceTree = "<group>";
		};
		6601665E2455BCB40045779B /* Profile */ = {
			isa = PBXGroup;
			children = (
				660166622455BDFB0045779B /* ProfileTableViewController.swift */,
			);
			path = Profile;
			sourceTree = "<group>";
		};
		6601665F2455BCB40045779B /* Main */ = {
			isa = PBXGroup;
			children = (
				68860190245E86FD00DB6D92 /* Visitor */,
				6886018D245E859C00DB6D92 /* NewFeature */,
				660166602455BD7C0045779B /* MainViewController.swift */,
			);
			path = Main;
			sourceTree = "<group>";
		};
		683B836C2455179800C62578 = {
			isa = PBXGroup;
			children = (
				683B83772455179800C62578 /* Weibo */,
				683B83762455179800C62578 /* Products */,
				694749624C0197EC1968C856 /* Pods */,
				7CE6B8EE82280FABF6F3288B /* Frameworks */,
			);
			sourceTree = "<group>";
		};
		683B83762455179800C62578 /* Products */ = {
			isa = PBXGroup;
			children = (
				683B83752455179800C62578 /* Weibo.app */,
			);
			name = Products;
			sourceTree = "<group>";
		};
		683B83772455179800C62578 /* Weibo */ = {
			isa = PBXGroup;
			children = (
				660166562455BCB40045779B /* Classes */,
				683B83782455179800C62578 /* AppDelegate.swift */,
				683B837A2455179800C62578 /* SceneDelegate.swift */,
				683B83812455179900C62578 /* Assets.xcassets */,
				683B83862455179900C62578 /* Info.plist */,
				660166542455B00D0045779B /* LaunchScreen.storyboard */,
			);
			path = Weibo;
			sourceTree = "<group>";
		};
		683B838F24565BE600C62578 /* extension */ = {
			isa = PBXGroup;
			children = (
				683B839024565BFB00C62578 /* UIButton+Extension.swift */,
				684F91942459B495001CA1B9 /* UIImageView+Extension.swift */,
				684F91962459B6F6001CA1B9 /* UILabel+Extension.swift */,
			);
			path = extension;
			sourceTree = "<group>";
		};
		68860186245BC0F200DB6D92 /* OAuth */ = {
			isa = PBXGroup;
			children = (
				68860187245BC11400DB6D92 /* OAuthViewController.swift */,
			);
			path = OAuth;
			sourceTree = "<group>";
		};
		6886018D245E859C00DB6D92 /* NewFeature */ = {
			isa = PBXGroup;
			children = (
				6886018E245E85CF00DB6D92 /* NewFeatureViewController.swift */,
				6813E035245EB5A800D19575 /* WelcomeViewController.swift */,
			);
			path = NewFeature;
			sourceTree = "<group>";
		};
		68860190245E86FD00DB6D92 /* Visitor */ = {
			isa = PBXGroup;
			children = (
				684F91922457AE3D001CA1B9 /* VisitorView.swift */,
				684F91902457ADA3001CA1B9 /* VisitorTableViewController.swift */,
			);
			path = Visitor;
			sourceTree = "<group>";
		};
		694749624C0197EC1968C856 /* Pods */ = {
			isa = PBXGroup;
			children = (
				692326F807E5166FF013813B /* Pods-Weibo.debug.xcconfig */,
				1F2116439953325D6FBE3B67 /* Pods-Weibo.release.xcconfig */,
			);
			path = Pods;
			sourceTree = "<group>";
		};
		7CE6B8EE82280FABF6F3288B /* Frameworks */ = {
			isa = PBXGroup;
			children = (
				A989FFC71F91B5D4307A66E2 /* Pods_Weibo.framework */,
			);
			name = Frameworks;
			sourceTree = "<group>";
		};
/* End PBXGroup section */

/* Begin PBXNativeTarget section */
		683B83742455179800C62578 /* Weibo */ = {
			isa = PBXNativeTarget;
			buildConfigurationList = 683B83892455179900C62578 /* Build configuration list for PBXNativeTarget "Weibo" */;
			buildPhases = (
				FF13C5B2B5647A2F07779012 /* [CP] Check Pods Manifest.lock */,
				683B83712455179800C62578 /* Sources */,
				683B83722455179800C62578 /* Frameworks */,
				683B83732455179800C62578 /* Resources */,
				4CB98D04CFED9DFF71B90474 /* [CP] Embed Pods Frameworks */,
			);
			buildRules = (
			);
			dependencies = (
			);
			name = Weibo;
			productName = Weibo;
			productReference = 683B83752455179800C62578 /* Weibo.app */;
			productType = "com.apple.product-type.application";
		};
/* End PBXNativeTarget section */

/* Begin PBXProject section */
		683B836D2455179800C62578 /* Project object */ = {
			isa = PBXProject;
			attributes = {
				LastSwiftUpdateCheck = 1140;
				LastUpgradeCheck = 1140;
				ORGANIZATIONNAME = bughh;
				TargetAttributes = {
					683B83742455179800C62578 = {
						CreatedOnToolsVersion = 11.4.1;
					};
				};
			};
			buildConfigurationList = 683B83702455179800C62578 /* Build configuration list for PBXProject "Weibo" */;
			compatibilityVersion = "Xcode 9.3";
			developmentRegion = en;
			hasScannedForEncodings = 0;
			knownRegions = (
				en,
				Base,
			);
			mainGroup = 683B836C2455179800C62578;
			productRefGroup = 683B83762455179800C62578 /* Products */;
			projectDirPath = "";
			projectRoot = "";
			targets = (
				683B83742455179800C62578 /* Weibo */,
			);
		};
/* End PBXProject section */

/* Begin PBXResourcesBuildPhase section */
		683B83732455179800C62578 /* Resources */ = {
			isa = PBXResourcesBuildPhase;
			buildActionMask = 2147483647;
			files = (
				683B83822455179900C62578 /* Assets.xcassets in Resources */,
				660166552455B00D0045779B /* LaunchScreen.storyboard in Resources */,
			);
			runOnlyForDeploymentPostprocessing = 0;
		};
/* End PBXResourcesBuildPhase section */

/* Begin PBXShellScriptBuildPhase section */
		4CB98D04CFED9DFF71B90474 /* [CP] Embed Pods Frameworks */ = {
			isa = PBXShellScriptBuildPhase;
			buildActionMask = 2147483647;
			files = (
			);
			inputFileListPaths = (
				"${PODS_ROOT}/Target Support Files/Pods-Weibo/Pods-Weibo-frameworks-${CONFIGURATION}-input-files.xcfilelist",
			);
			name = "[CP] Embed Pods Frameworks";
			outputFileListPaths = (
				"${PODS_ROOT}/Target Support Files/Pods-Weibo/Pods-Weibo-frameworks-${CONFIGURATION}-output-files.xcfilelist",
			);
			runOnlyForDeploymentPostprocessing = 0;
			shellPath = /bin/sh;
			shellScript = "\"${PODS_ROOT}/Target Support Files/Pods-Weibo/Pods-Weibo-frameworks.sh\"\n";
			showEnvVarsInLog = 0;
		};
		FF13C5B2B5647A2F07779012 /* [CP] Check Pods Manifest.lock */ = {
			isa = PBXShellScriptBuildPhase;
			buildActionMask = 2147483647;
			files = (
			);
			inputFileListPaths = (
			);
			inputPaths = (
				"${PODS_PODFILE_DIR_PATH}/Podfile.lock",
				"${PODS_ROOT}/Manifest.lock",
			);
			name = "[CP] Check Pods Manifest.lock";
			outputFileListPaths = (
			);
			outputPaths = (
				"$(DERIVED_FILE_DIR)/Pods-Weibo-checkManifestLockResult.txt",
			);
			runOnlyForDeploymentPostprocessing = 0;
			shellPath = /bin/sh;
			shellScript = "diff \"${PODS_PODFILE_DIR_PATH}/Podfile.lock\" \"${PODS_ROOT}/Manifest.lock\" > /dev/null\nif [ $? != 0 ] ; then\n    # print error to STDERR\n    echo \"error: The sandbox is not in sync with the Podfile.lock. Run 'pod install' or update your CocoaPods installation.\" >&2\n    exit 1\nfi\n# This output is used by Xcode 'outputs' to avoid re-running this script phase.\necho \"SUCCESS\" > \"${SCRIPT_OUTPUT_FILE_0}\"\n";
			showEnvVarsInLog = 0;
		};
/* End PBXShellScriptBuildPhase section */

/* Begin PBXSourcesBuildPhase section */
		683B83712455179800C62578 /* Sources */ = {
			isa = PBXSourcesBuildPhase;
			buildActionMask = 2147483647;
			files = (
				68860188245BC11400DB6D92 /* OAuthViewController.swift in Sources */,
				660166672455BE340045779B /* DiscoveryTableViewController.swift in Sources */,
				68860185245BC04500DB6D92 /* NetTools.swift in Sources */,
				660166612455BD7C0045779B /* MainViewController.swift in Sources */,
				6886018F245E85CF00DB6D92 /* NewFeatureViewController.swift in Sources */,
				683B83792455179800C62578 /* AppDelegate.swift in Sources */,
				660166652455BE1C0045779B /* MessageTableViewController.swift in Sources */,
				660166692455BE450045779B /* HomeTableViewController.swift in Sources */,
				683B839124565BFB00C62578 /* UIButton+Extension.swift in Sources */,
				6813E036245EB5A800D19575 /* WelcomeViewController.swift in Sources */,
				684F91912457ADA3001CA1B9 /* VisitorTableViewController.swift in Sources */,
				684F91952459B495001CA1B9 /* UIImageView+Extension.swift in Sources */,
				684F91972459B6F6001CA1B9 /* UILabel+Extension.swift in Sources */,
				684F91932457AE3D001CA1B9 /* VisitorView.swift in Sources */,
				660166632455BDFB0045779B /* ProfileTableViewController.swift in Sources */,
				6832C2A2245ED5B7004148F7 /* Common.swift in Sources */,
				6886018C245D8E8500DB6D92 /* UserAccountViewModel.swift in Sources */,
				683B837B2455179800C62578 /* SceneDelegate.swift in Sources */,
				6886018A245D1AE200DB6D92 /* UserAccount.swift in Sources */,
			);
			runOnlyForDeploymentPostprocessing = 0;
		};
/* End PBXSourcesBuildPhase section */

/* Begin XCBuildConfiguration section */
		683B83872455179900C62578 /* Debug */ = {
			isa = XCBuildConfiguration;
			buildSettings = {
				ALWAYS_SEARCH_USER_PATHS = NO;
				CLANG_ANALYZER_NONNULL = YES;
				CLANG_ANALYZER_NUMBER_OBJECT_CONVERSION = YES_AGGRESSIVE;
				CLANG_CXX_LANGUAGE_STANDARD = "gnu++14";
				CLANG_CXX_LIBRARY = "libc++";
				CLANG_ENABLE_MODULES = YES;
				CLANG_ENABLE_OBJC_ARC = YES;
				CLANG_ENABLE_OBJC_WEAK = YES;
				CLANG_WARN_BLOCK_CAPTURE_AUTORELEASING = YES;
				CLANG_WARN_BOOL_CONVERSION = YES;
				CLANG_WARN_COMMA = YES;
				CLANG_WARN_CONSTANT_CONVERSION = YES;
				CLANG_WARN_DEPRECATED_OBJC_IMPLEMENTATIONS = YES;
				CLANG_WARN_DIRECT_OBJC_ISA_USAGE = YES_ERROR;
				CLANG_WARN_DOCUMENTATION_COMMENTS = YES;
				CLANG_WARN_EMPTY_BODY = YES;
				CLANG_WARN_ENUM_CONVERSION = YES;
				CLANG_WARN_INFINITE_RECURSION = YES;
				CLANG_WARN_INT_CONVERSION = YES;
				CLANG_WARN_NON_LITERAL_NULL_CONVERSION = YES;
				CLANG_WARN_OBJC_IMPLICIT_RETAIN_SELF = YES;
				CLANG_WARN_OBJC_LITERAL_CONVERSION = YES;
				CLANG_WARN_OBJC_ROOT_CLASS = YES_ERROR;
				CLANG_WARN_RANGE_LOOP_ANALYSIS = YES;
				CLANG_WARN_STRICT_PROTOTYPES = YES;
				CLANG_WARN_SUSPICIOUS_MOVE = YES;
				CLANG_WARN_UNGUARDED_AVAILABILITY = YES_AGGRESSIVE;
				CLANG_WARN_UNREACHABLE_CODE = YES;
				CLANG_WARN__DUPLICATE_METHOD_MATCH = YES;
				COPY_PHASE_STRIP = NO;
				DEBUG_INFORMATION_FORMAT = dwarf;
				ENABLE_STRICT_OBJC_MSGSEND = YES;
				ENABLE_TESTABILITY = YES;
				GCC_C_LANGUAGE_STANDARD = gnu11;
				GCC_DYNAMIC_NO_PIC = NO;
				GCC_NO_COMMON_BLOCKS = YES;
				GCC_OPTIMIZATION_LEVEL = 0;
				GCC_PREPROCESSOR_DEFINITIONS = (
					"DEBUG=1",
					"$(inherited)",
				);
				GCC_WARN_64_TO_32_BIT_CONVERSION = YES;
				GCC_WARN_ABOUT_RETURN_TYPE = YES_ERROR;
				GCC_WARN_UNDECLARED_SELECTOR = YES;
				GCC_WARN_UNINITIALIZED_AUTOS = YES_AGGRESSIVE;
				GCC_WARN_UNUSED_FUNCTION = YES;
				GCC_WARN_UNUSED_VARIABLE = YES;
				IPHONEOS_DEPLOYMENT_TARGET = 13.4;
				MTL_ENABLE_DEBUG_INFO = INCLUDE_SOURCE;
				MTL_FAST_MATH = YES;
				ONLY_ACTIVE_ARCH = YES;
				SDKROOT = iphoneos;
				SWIFT_ACTIVE_COMPILATION_CONDITIONS = DEBUG;
				SWIFT_OPTIMIZATION_LEVEL = "-Onone";
			};
			name = Debug;
		};
		683B83882455179900C62578 /* Release */ = {
			isa = XCBuildConfiguration;
			buildSettings = {
				ALWAYS_SEARCH_USER_PATHS = NO;
				CLANG_ANALYZER_NONNULL = YES;
				CLANG_ANALYZER_NUMBER_OBJECT_CONVERSION = YES_AGGRESSIVE;
				CLANG_CXX_LANGUAGE_STANDARD = "gnu++14";
				CLANG_CXX_LIBRARY = "libc++";
				CLANG_ENABLE_MODULES = YES;
				CLANG_ENABLE_OBJC_ARC = YES;
				CLANG_ENABLE_OBJC_WEAK = YES;
				CLANG_WARN_BLOCK_CAPTURE_AUTORELEASING = YES;
				CLANG_WARN_BOOL_CONVERSION = YES;
				CLANG_WARN_COMMA = YES;
				CLANG_WARN_CONSTANT_CONVERSION = YES;
				CLANG_WARN_DEPRECATED_OBJC_IMPLEMENTATIONS = YES;
				CLANG_WARN_DIRECT_OBJC_ISA_USAGE = YES_ERROR;
				CLANG_WARN_DOCUMENTATION_COMMENTS = YES;
				CLANG_WARN_EMPTY_BODY = YES;
				CLANG_WARN_ENUM_CONVERSION = YES;
				CLANG_WARN_INFINITE_RECURSION = YES;
				CLANG_WARN_INT_CONVERSION = YES;
				CLANG_WARN_NON_LITERAL_NULL_CONVERSION = YES;
				CLANG_WARN_OBJC_IMPLICIT_RETAIN_SELF = YES;
				CLANG_WARN_OBJC_LITERAL_CONVERSION = YES;
				CLANG_WARN_OBJC_ROOT_CLASS = YES_ERROR;
				CLANG_WARN_RANGE_LOOP_ANALYSIS = YES;
				CLANG_WARN_STRICT_PROTOTYPES = YES;
				CLANG_WARN_SUSPICIOUS_MOVE = YES;
				CLANG_WARN_UNGUARDED_AVAILABILITY = YES_AGGRESSIVE;
				CLANG_WARN_UNREACHABLE_CODE = YES;
				CLANG_WARN__DUPLICATE_METHOD_MATCH = YES;
				COPY_PHASE_STRIP = NO;
				DEBUG_INFORMATION_FORMAT = "dwarf-with-dsym";
				ENABLE_NS_ASSERTIONS = NO;
				ENABLE_STRICT_OBJC_MSGSEND = YES;
				GCC_C_LANGUAGE_STANDARD = gnu11;
				GCC_NO_COMMON_BLOCKS = YES;
				GCC_WARN_64_TO_32_BIT_CONVERSION = YES;
				GCC_WARN_ABOUT_RETURN_TYPE = YES_ERROR;
				GCC_WARN_UNDECLARED_SELECTOR = YES;
				GCC_WARN_UNINITIALIZED_AUTOS = YES_AGGRESSIVE;
				GCC_WARN_UNUSED_FUNCTION = YES;
				GCC_WARN_UNUSED_VARIABLE = YES;
				IPHONEOS_DEPLOYMENT_TARGET = 13.4;
				MTL_ENABLE_DEBUG_INFO = NO;
				MTL_FAST_MATH = YES;
				SDKROOT = iphoneos;
				SWIFT_COMPILATION_MODE = wholemodule;
				SWIFT_OPTIMIZATION_LEVEL = "-O";
				VALIDATE_PRODUCT = YES;
			};
			name = Release;
		};
		683B838A2455179900C62578 /* Debug */ = {
			isa = XCBuildConfiguration;
			baseConfigurationReference = 692326F807E5166FF013813B /* Pods-Weibo.debug.xcconfig */;
			buildSettings = {
				ASSETCATALOG_COMPILER_APPICON_NAME = AppIcon;
				CODE_SIGN_STYLE = Automatic;
				INFOPLIST_FILE = Weibo/Info.plist;
				IPHONEOS_DEPLOYMENT_TARGET = 11.0;
				LD_RUNPATH_SEARCH_PATHS = (
					"$(inherited)",
					"@executable_path/Frameworks",
				);
				PRODUCT_BUNDLE_IDENTIFIER = com.bughh.Weibo;
				PRODUCT_NAME = "$(TARGET_NAME)";
				SWIFT_VERSION = 5.0;
				TARGETED_DEVICE_FAMILY = 1;
			};
			name = Debug;
		};
		683B838B2455179900C62578 /* Release */ = {
			isa = XCBuildConfiguration;
			baseConfigurationReference = 1F2116439953325D6FBE3B67 /* Pods-Weibo.release.xcconfig */;
			buildSettings = {
				ASSETCATALOG_COMPILER_APPICON_NAME = AppIcon;
				CODE_SIGN_STYLE = Automatic;
				INFOPLIST_FILE = Weibo/Info.plist;
				IPHONEOS_DEPLOYMENT_TARGET = 11.0;
				LD_RUNPATH_SEARCH_PATHS = (
					"$(inherited)",
					"@executable_path/Frameworks",
				);
				PRODUCT_BUNDLE_IDENTIFIER = com.bughh.Weibo;
				PRODUCT_NAME = "$(TARGET_NAME)";
				SWIFT_VERSION = 5.0;
				TARGETED_DEVICE_FAMILY = 1;
			};
			name = Release;
		};
/* End XCBuildConfiguration section */

/* Begin XCConfigurationList section */
		683B83702455179800C62578 /* Build configuration list for PBXProject "Weibo" */ = {
			isa = XCConfigurationList;
			buildConfigurations = (
				683B83872455179900C62578 /* Debug */,
				683B83882455179900C62578 /* Release */,
			);
			defaultConfigurationIsVisible = 0;
			defaultConfigurationName = Release;
		};
		683B83892455179900C62578 /* Build configuration list for PBXNativeTarget "Weibo" */ = {
			isa = XCConfigurationList;
			buildConfigurations = (
				683B838A2455179900C62578 /* Debug */,
				683B838B2455179900C62578 /* Release */,
			);
			defaultConfigurationIsVisible = 0;
			defaultConfigurationName = Release;
		};
/* End XCConfigurationList section */
	};
	rootObject = 683B836D2455179800C62578 /* Project object */;
}
