// !$*UTF8*$!
{
	archiveVersion = 1;
	classes = {
	};
	objectVersion = 50;
	objects = {

/* Begin PBXBuildFile section */
		660166552455B00D0045779B /* LaunchScreen.storyboard in Resources */ = {isa = PBXBuildFile; fileRef = 660166542455B00D0045779B /* LaunchScreen.storyboard */; };
		660166612455BD7C0045779B /* MainViewController.swift in Sources */ = {isa = PBXBuildFile; fileRef = 660166602455BD7C0045779B /* MainViewController.swift */; };
		660166632455BDFB0045779B /* ProfileTableViewController.swift in Sources */ = {isa = PBXBuildFile; fileRef = 660166622455BDFB0045779B /* ProfileTableViewController.swift */; };
		660166652455BE1C0045779B /* MessageTableViewController.swift in Sources */ = {isa = PBXBuildFile; fileRef = 660166642455BE1C0045779B /* MessageTableViewController.swift */; };
		660166672455BE340045779B /* DiscoveryTableViewController.swift in Sources */ = {isa = PBXBuildFile; fileRef = 660166662455BE340045779B /* DiscoveryTableViewController.swift */; };
		660166692455BE450045779B /* HomeTableViewController.swift in Sources */ = {isa = PBXBuildFile; fileRef = 660166682455BE450045779B /* HomeTableViewController.swift */; };
		683B83792455179800C62578 /* AppDelegate.swift in Sources */ = {isa = PBXBuildFile; fileRef = 683B83782455179800C62578 /* AppDelegate.swift */; };
		683B837B2455179800C62578 /* SceneDelegate.swift in Sources */ = {isa = PBXBuildFile; fileRef = 683B837A2455179800C62578 /* SceneDelegate.swift */; };
		683B83822455179900C62578 /* Assets.xcassets in Resources */ = {isa = PBXBuildFile; fileRef = 683B83812455179900C62578 /* Assets.xcassets */; };
		683B839124565BFB00C62578 /* UIButton+Extension.swift in Sources */ = {isa = PBXBuildFile; fileRef = 683B839024565BFB00C62578 /* UIButton+Extension.swift */; };
		684F91912457ADA3001CA1B9 /* VisitorTableViewController.swift in Sources */ = {isa = PBXBuildFile; fileRef = 684F91902457ADA3001CA1B9 /* VisitorTableViewController.swift */; };
		684F91932457AE3D001CA1B9 /* VisitorView.swift in Sources */ = {isa = PBXBuildFile; fileRef = 684F91922457AE3D001CA1B9 /* VisitorView.swift */; };
/* End PBXBuildFile section */

/* Begin PBXFileReference section */
		660166542455B00D0045779B /* LaunchScreen.storyboard */ = {isa = PBXFileReference; lastKnownFileType = file.storyboard; path = LaunchScreen.storyboard; sourceTree = "<group>"; };
		660166602455BD7C0045779B /* MainViewController.swift */ = {isa = PBXFileReference; lastKnownFileType = sourcecode.swift; path = MainViewController.swift; sourceTree = "<group>"; };
		660166622455BDFB0045779B /* ProfileTableViewController.swift */ = {isa = PBXFileReference; lastKnownFileType = sourcecode.swift; path = ProfileTableViewController.swift; sourceTree = "<group>"; };
		660166642455BE1C0045779B /* MessageTableViewController.swift */ = {isa = PBXFileReference; lastKnownFileType = sourcecode.swift; path = MessageTableViewController.swift; sourceTree = "<group>"; };
		660166662455BE340045779B /* DiscoveryTableViewController.swift */ = {isa = PBXFileReference; lastKnownFileType = sourcecode.swift; path = DiscoveryTableViewController.swift; sourceTree = "<group>"; };
		660166682455BE450045779B /* HomeTableViewController.swift */ = {isa = PBXFileReference; lastKnownFileType = sourcecode.swift; path = HomeTableViewController.swift; sourceTree = "<group>"; };
		683B83752455179800C62578 /* Weibo.app */ = {isa = PBXFileReference; explicitFileType = wrapper.application; includeInIndex = 0; path = Weibo.app; sourceTree = BUILT_PRODUCTS_DIR; };
		683B83782455179800C62578 /* AppDelegate.swift */ = {isa = PBXFileReference; lastKnownFileType = sourcecode.swift; path = AppDelegate.swift; sourceTree = "<group>"; };
		683B837A2455179800C62578 /* SceneDelegate.swift */ = {isa = PBXFileReference; lastKnownFileType = sourcecode.swift; path = SceneDelegate.swift; sourceTree = "<group>"; };
		683B83812455179900C62578 /* Assets.xcassets */ = {isa = PBXFileReference; lastKnownFileType = folder.assetcatalog; path = Assets.xcassets; sourceTree = "<group>"; };
		683B83862455179900C62578 /* Info.plist */ = {isa = PBXFileReference; lastKnownFileType = text.plist.xml; path = Info.plist; sourceTree = "<group>"; };
		683B839024565BFB00C62578 /* UIButton+Extension.swift */ = {isa = PBXFileReference; lastKnownFileType = sourcecode.swift; path = "UIButton+Extension.swift"; sourceTree = "<group>"; };
		684F91902457ADA3001CA1B9 /* VisitorTableViewController.swift */ = {isa = PBXFileReference; lastKnownFileType = sourcecode.swift; path = VisitorTableViewController.swift; sourceTree = "<group>"; };
		684F91922457AE3D001CA1B9 /* VisitorView.swift */ = {isa = PBXFileReference; lastKnownFileType = sourcecode.swift; path = VisitorView.swift; sourceTree = "<group>"; };
/* End PBXFileReference section */

/* Begin PBXFrameworksBuildPhase section */
		683B83722455179800C62578 /* Frameworks */ = {
			isa = PBXFrameworksBuildPhase;
			buildActionMask = 2147483647;
			files = (
			);
			runOnlyForDeploymentPostprocessing = 0;
		};
/* End PBXFrameworksBuildPhase section */

/* Begin PBXGroup section */
		660166562455BCB40045779B /* Classes */ = {
			isa = PBXGroup;
			children = (
				660166572455BCB40045779B /* ViewModel */,
				660166582455BCB40045779B /* Tools */,
				660166592455BCB40045779B /* Model */,
				6601665A2455BCB40045779B /* View */,
			);
			path = Classes;
			sourceTree = "<group>";
		};
		660166572455BCB40045779B /* ViewModel */ = {
			isa = PBXGroup;
			children = (
			);
			path = ViewModel;
			sourceTree = "<group>";
		};
		660166582455BCB40045779B /* Tools */ = {
			isa = PBXGroup;
			children = (
				683B838F24565BE600C62578 /* extension */,
			);
			path = Tools;
			sourceTree = "<group>";
		};
		660166592455BCB40045779B /* Model */ = {
			isa = PBXGroup;
			children = (
			);
			path = Model;
			sourceTree = "<group>";
		};
		6601665A2455BCB40045779B /* View */ = {
			isa = PBXGroup;
			children = (
				6601665B2455BCB40045779B /* Home */,
				6601665C2455BCB40045779B /* Discovery */,
				6601665D2455BCB40045779B /* Message */,
				6601665E2455BCB40045779B /* Profile */,
				6601665F2455BCB40045779B /* Main */,
			);
			path = View;
			sourceTree = "<group>";
		};
		6601665B2455BCB40045779B /* Home */ = {
			isa = PBXGroup;
			children = (
				660166682455BE450045779B /* HomeTableViewController.swift */,
			);
			path = Home;
			sourceTree = "<group>";
		};
		6601665C2455BCB40045779B /* Discovery */ = {
			isa = PBXGroup;
			children = (
				660166662455BE340045779B /* DiscoveryTableViewController.swift */,
			);
			path = Discovery;
			sourceTree = "<group>";
		};
		6601665D2455BCB40045779B /* Message */ = {
			isa = PBXGroup;
			children = (
				660166642455BE1C0045779B /* MessageTableViewController.swift */,
			);
			path = Message;
			sourceTree = "<group>";
		};
		6601665E2455BCB40045779B /* Profile */ = {
			isa = PBXGroup;
			children = (
				660166622455BDFB0045779B /* ProfileTableViewController.swift */,
			);
			path = Profile;
			sourceTree = "<group>";
		};
		6601665F2455BCB40045779B /* Main */ = {
			isa = PBXGroup;
			children = (
				660166602455BD7C0045779B /* MainViewController.swift */,
				684F91902457ADA3001CA1B9 /* VisitorTableViewController.swift */,
				684F91922457AE3D001CA1B9 /* VisitorView.swift */,
			);
			path = Main;
			sourceTree = "<group>";
		};
		683B836C2455179800C62578 = {
			isa = PBXGroup;
			children = (
				683B83772455179800C62578 /* Weibo */,
				683B83762455179800C62578 /* Products */,
			);
			sourceTree = "<group>";
		};
		683B83762455179800C62578 /* Products */ = {
			isa = PBXGroup;
			children = (
				683B83752455179800C62578 /* Weibo.app */,
			);
			name = Products;
			sourceTree = "<group>";
		};
		683B83772455179800C62578 /* Weibo */ = {
			isa = PBXGroup;
			children = (
				660166562455BCB40045779B /* Classes */,
				683B83782455179800C62578 /* AppDelegate.swift */,
				683B837A2455179800C62578 /* SceneDelegate.swift */,
				683B83812455179900C62578 /* Assets.xcassets */,
				683B83862455179900C62578 /* Info.plist */,
				660166542455B00D0045779B /* LaunchScreen.storyboard */,
			);
			path = Weibo;
			sourceTree = "<group>";
		};
		683B838F24565BE600C62578 /* extension */ = {
			isa = PBXGroup;
			children = (
				683B839024565BFB00C62578 /* UIButton+Extension.swift */,
			);
			path = extension;
			sourceTree = "<group>";
		};
/* End PBXGroup section */

/* Begin PBXNativeTarget section */
		683B83742455179800C62578 /* Weibo */ = {
			isa = PBXNativeTarget;
			buildConfigurationList = 683B83892455179900C62578 /* Build configuration list for PBXNativeTarget "Weibo" */;
			buildPhases = (
				683B83712455179800C62578 /* Sources */,
				683B83722455179800C62578 /* Frameworks */,
				683B83732455179800C62578 /* Resources */,
			);
			buildRules = (
			);
			dependencies = (
			);
			name = Weibo;
			productName = Weibo;
			productReference = 683B83752455179800C62578 /* Weibo.app */;
			productType = "com.apple.product-type.application";
		};
/* End PBXNativeTarget section */

/* Begin PBXProject section */
		683B836D2455179800C62578 /* Project object */ = {
			isa = PBXProject;
			attributes = {
				LastSwiftUpdateCheck = 1140;
				LastUpgradeCheck = 1140;
				ORGANIZATIONNAME = bughh;
				TargetAttributes = {
					683B83742455179800C62578 = {
						CreatedOnToolsVersion = 11.4.1;
					};
				};
			};
			buildConfigurationList = 683B83702455179800C62578 /* Build configuration list for PBXProject "Weibo" */;
			compatibilityVersion = "Xcode 9.3";
			developmentRegion = en;
			hasScannedForEncodings = 0;
			knownRegions = (
				en,
				Base,
			);
			mainGroup = 683B836C2455179800C62578;
			productRefGroup = 683B83762455179800C62578 /* Products */;
			projectDirPath = "";
			projectRoot = "";
			targets = (
				683B83742455179800C62578 /* Weibo */,
			);
		};
/* End PBXProject section */

/* Begin PBXResourcesBuildPhase section */
		683B83732455179800C62578 /* Resources */ = {
			isa = PBXResourcesBuildPhase;
			buildActionMask = 2147483647;
			files = (
				683B83822455179900C62578 /* Assets.xcassets in Resources */,
				660166552455B00D0045779B /* LaunchScreen.storyboard in Resources */,
			);
			runOnlyForDeploymentPostprocessing = 0;
		};
/* End PBXResourcesBuildPhase section */

/* Begin PBXSourcesBuildPhase section */
		683B83712455179800C62578 /* Sources */ = {
			isa = PBXSourcesBuildPhase;
			buildActionMask = 2147483647;
			files = (
				660166672455BE340045779B /* DiscoveryTableViewController.swift in Sources */,
				660166612455BD7C0045779B /* MainViewController.swift in Sources */,
				683B83792455179800C62578 /* AppDelegate.swift in Sources */,
				660166652455BE1C0045779B /* MessageTableViewController.swift in Sources */,
				660166692455BE450045779B /* HomeTableViewController.swift in Sources */,
				683B839124565BFB00C62578 /* UIButton+Extension.swift in Sources */,
				684F91912457ADA3001CA1B9 /* VisitorTableViewController.swift in Sources */,
				684F91932457AE3D001CA1B9 /* VisitorView.swift in Sources */,
				660166632455BDFB0045779B /* ProfileTableViewController.swift in Sources */,
				683B837B2455179800C62578 /* SceneDelegate.swift in Sources */,
			);
			runOnlyForDeploymentPostprocessing = 0;
		};
/* End PBXSourcesBuildPhase section */

/* Begin XCBuildConfiguration section */
		683B83872455179900C62578 /* Debug */ = {
			isa = XCBuildConfiguration;
			buildSettings = {
				ALWAYS_SEARCH_USER_PATHS = NO;
				CLANG_ANALYZER_NONNULL = YES;
				CLANG_ANALYZER_NUMBER_OBJECT_CONVERSION = YES_AGGRESSIVE;
				CLANG_CXX_LANGUAGE_STANDARD = "gnu++14";
				CLANG_CXX_LIBRARY = "libc++";
				CLANG_ENABLE_MODULES = YES;
				CLANG_ENABLE_OBJC_ARC = YES;
				CLANG_ENABLE_OBJC_WEAK = YES;
				CLANG_WARN_BLOCK_CAPTURE_AUTORELEASING = YES;
				CLANG_WARN_BOOL_CONVERSION = YES;
				CLANG_WARN_COMMA = YES;
				CLANG_WARN_CONSTANT_CONVERSION = YES;
				CLANG_WARN_DEPRECATED_OBJC_IMPLEMENTATIONS = YES;
				CLANG_WARN_DIRECT_OBJC_ISA_USAGE = YES_ERROR;
				CLANG_WARN_DOCUMENTATION_COMMENTS = YES;
				CLANG_WARN_EMPTY_BODY = YES;
				CLANG_WARN_ENUM_CONVERSION = YES;
				CLANG_WARN_INFINITE_RECURSION = YES;
				CLANG_WARN_INT_CONVERSION = YES;
				CLANG_WARN_NON_LITERAL_NULL_CONVERSION = YES;
				CLANG_WARN_OBJC_IMPLICIT_RETAIN_SELF = YES;
				CLANG_WARN_OBJC_LITERAL_CONVERSION = YES;
				CLANG_WARN_OBJC_ROOT_CLASS = YES_ERROR;
				CLANG_WARN_RANGE_LOOP_ANALYSIS = YES;
				CLANG_WARN_STRICT_PROTOTYPES = YES;
				CLANG_WARN_SUSPICIOUS_MOVE = YES;
				CLANG_WARN_UNGUARDED_AVAILABILITY = YES_AGGRESSIVE;
				CLANG_WARN_UNREACHABLE_CODE = YES;
				CLANG_WARN__DUPLICATE_METHOD_MATCH = YES;
				COPY_PHASE_STRIP = NO;
				DEBUG_INFORMATION_FORMAT = dwarf;
				ENABLE_STRICT_OBJC_MSGSEND = YES;
				ENABLE_TESTABILITY = YES;
				GCC_C_LANGUAGE_STANDARD = gnu11;
				GCC_DYNAMIC_NO_PIC = NO;
				GCC_NO_COMMON_BLOCKS = YES;
				GCC_OPTIMIZATION_LEVEL = 0;
				GCC_PREPROCESSOR_DEFINITIONS = (
					"DEBUG=1",
					"$(inherited)",
				);
				GCC_WARN_64_TO_32_BIT_CONVERSION = YES;
				GCC_WARN_ABOUT_RETURN_TYPE = YES_ERROR;
				GCC_WARN_UNDECLARED_SELECTOR = YES;
				GCC_WARN_UNINITIALIZED_AUTOS = YES_AGGRESSIVE;
				GCC_WARN_UNUSED_FUNCTION = YES;
				GCC_WARN_UNUSED_VARIABLE = YES;
				IPHONEOS_DEPLOYMENT_TARGET = 13.4;
				MTL_ENABLE_DEBUG_INFO = INCLUDE_SOURCE;
				MTL_FAST_MATH = YES;
				ONLY_ACTIVE_ARCH = YES;
				SDKROOT = iphoneos;
				SWIFT_ACTIVE_COMPILATION_CONDITIONS = DEBUG;
				SWIFT_OPTIMIZATION_LEVEL = "-Onone";
			};
			name = Debug;
		};
		683B83882455179900C62578 /* Release */ = {
			isa = XCBuildConfiguration;
			buildSettings = {
				ALWAYS_SEARCH_USER_PATHS = NO;
				CLANG_ANALYZER_NONNULL = YES;
				CLANG_ANALYZER_NUMBER_OBJECT_CONVERSION = YES_AGGRESSIVE;
				CLANG_CXX_LANGUAGE_STANDARD = "gnu++14";
				CLANG_CXX_LIBRARY = "libc++";
				CLANG_ENABLE_MODULES = YES;
				CLANG_ENABLE_OBJC_ARC = YES;
				CLANG_ENABLE_OBJC_WEAK = YES;
				CLANG_WARN_BLOCK_CAPTURE_AUTORELEASING = YES;
				CLANG_WARN_BOOL_CONVERSION = YES;
				CLANG_WARN_COMMA = YES;
				CLANG_WARN_CONSTANT_CONVERSION = YES;
				CLANG_WARN_DEPRECATED_OBJC_IMPLEMENTATIONS = YES;
				CLANG_WARN_DIRECT_OBJC_ISA_USAGE = YES_ERROR;
				CLANG_WARN_DOCUMENTATION_COMMENTS = YES;
				CLANG_WARN_EMPTY_BODY = YES;
				CLANG_WARN_ENUM_CONVERSION = YES;
				CLANG_WARN_INFINITE_RECURSION = YES;
				CLANG_WARN_INT_CONVERSION = YES;
				CLANG_WARN_NON_LITERAL_NULL_CONVERSION = YES;
				CLANG_WARN_OBJC_IMPLICIT_RETAIN_SELF = YES;
				CLANG_WARN_OBJC_LITERAL_CONVERSION = YES;
				CLANG_WARN_OBJC_ROOT_CLASS = YES_ERROR;
				CLANG_WARN_RANGE_LOOP_ANALYSIS = YES;
				CLANG_WARN_STRICT_PROTOTYPES = YES;
				CLANG_WARN_SUSPICIOUS_MOVE = YES;
				CLANG_WARN_UNGUARDED_AVAILABILITY = YES_AGGRESSIVE;
				CLANG_WARN_UNREACHABLE_CODE = YES;
				CLANG_WARN__DUPLICATE_METHOD_MATCH = YES;
				COPY_PHASE_STRIP = NO;
				DEBUG_INFORMATION_FORMAT = "dwarf-with-dsym";
				ENABLE_NS_ASSERTIONS = NO;
				ENABLE_STRICT_OBJC_MSGSEND = YES;
				GCC_C_LANGUAGE_STANDARD = gnu11;
				GCC_NO_COMMON_BLOCKS = YES;
				GCC_WARN_64_TO_32_BIT_CONVERSION = YES;
				GCC_WARN_ABOUT_RETURN_TYPE = YES_ERROR;
				GCC_WARN_UNDECLARED_SELECTOR = YES;
				GCC_WARN_UNINITIALIZED_AUTOS = YES_AGGRESSIVE;
				GCC_WARN_UNUSED_FUNCTION = YES;
				GCC_WARN_UNUSED_VARIABLE = YES;
				IPHONEOS_DEPLOYMENT_TARGET = 13.4;
				MTL_ENABLE_DEBUG_INFO = NO;
				MTL_FAST_MATH = YES;
				SDKROOT = iphoneos;
				SWIFT_COMPILATION_MODE = wholemodule;
				SWIFT_OPTIMIZATION_LEVEL = "-O";
				VALIDATE_PRODUCT = YES;
			};
			name = Release;
		};
		683B838A2455179900C62578 /* Debug */ = {
			isa = XCBuildConfiguration;
			buildSettings = {
				ASSETCATALOG_COMPILER_APPICON_NAME = AppIcon;
				CODE_SIGN_STYLE = Automatic;
				INFOPLIST_FILE = Weibo/Info.plist;
				IPHONEOS_DEPLOYMENT_TARGET = 11.0;
				LD_RUNPATH_SEARCH_PATHS = (
					"$(inherited)",
					"@executable_path/Frameworks",
				);
				PRODUCT_BUNDLE_IDENTIFIER = com.bughh.Weibo;
				PRODUCT_NAME = "$(TARGET_NAME)";
				SWIFT_VERSION = 5.0;
				TARGETED_DEVICE_FAMILY = 1;
			};
			name = Debug;
		};
		683B838B2455179900C62578 /* Release */ = {
			isa = XCBuildConfiguration;
			buildSettings = {
				ASSETCATALOG_COMPILER_APPICON_NAME = AppIcon;
				CODE_SIGN_STYLE = Automatic;
				INFOPLIST_FILE = Weibo/Info.plist;
				IPHONEOS_DEPLOYMENT_TARGET = 11.0;
				LD_RUNPATH_SEARCH_PATHS = (
					"$(inherited)",
					"@executable_path/Frameworks",
				);
				PRODUCT_BUNDLE_IDENTIFIER = com.bughh.Weibo;
				PRODUCT_NAME = "$(TARGET_NAME)";
				SWIFT_VERSION = 5.0;
				TARGETED_DEVICE_FAMILY = 1;
			};
			name = Release;
		};
/* End XCBuildConfiguration section */

/* Begin XCConfigurationList section */
		683B83702455179800C62578 /* Build configuration list for PBXProject "Weibo" */ = {
			isa = XCConfigurationList;
			buildConfigurations = (
				683B83872455179900C62578 /* Debug */,
				683B83882455179900C62578 /* Release */,
			);
			defaultConfigurationIsVisible = 0;
			defaultConfigurationName = Release;
		};
		683B83892455179900C62578 /* Build configuration list for PBXNativeTarget "Weibo" */ = {
			isa = XCConfigurationList;
			buildConfigurations = (
				683B838A2455179900C62578 /* Debug */,
				683B838B2455179900C62578 /* Release */,
			);
			defaultConfigurationIsVisible = 0;
			defaultConfigurationName = Release;
		};
/* End XCConfigurationList section */
	};
	rootObject = 683B836D2455179800C62578 /* Project object */;
}
